// !$*UTF8*$!
{
	archiveVersion = 1;
	classes = {
	};
	objectVersion = 56;
	objects = {

/* Begin PBXBuildFile section */
		1E0D51162A941921001880B9 /* Character.swift in Sources */ = {isa = PBXBuildFile; fileRef = 1E0D51152A941921001880B9 /* Character.swift */; };
		1E0D51182A941B17001880B9 /* RickAndMortyService.swift in Sources */ = {isa = PBXBuildFile; fileRef = 1E0D51172A941B17001880B9 /* RickAndMortyService.swift */; };
		1E0D511D2A9424A4001880B9 /* CharacterViewModel.swift in Sources */ = {isa = PBXBuildFile; fileRef = 1E0D511C2A9424A4001880B9 /* CharacterViewModel.swift */; };
		1E0D51202A942821001880B9 /* Kingfisher in Frameworks */ = {isa = PBXBuildFile; productRef = 1E0D511F2A942821001880B9 /* Kingfisher */; };
		1E0D512C2A96664E001880B9 /* Alamofire in Frameworks */ = {isa = PBXBuildFile; productRef = 1E0D512B2A96664E001880B9 /* Alamofire */; };
		1E0D512F2A96837F001880B9 /* Color+CustomColor.swift in Sources */ = {isa = PBXBuildFile; fileRef = 1E0D512E2A96837F001880B9 /* Color+CustomColor.swift */; };
		1EEE68772A8EB236006A3815 /* RickAndMortyApp.swift in Sources */ = {isa = PBXBuildFile; fileRef = 1EEE68762A8EB236006A3815 /* RickAndMortyApp.swift */; };
		1EEE68792A8EB236006A3815 /* CharacterListView.swift in Sources */ = {isa = PBXBuildFile; fileRef = 1EEE68782A8EB236006A3815 /* CharacterListView.swift */; };
		1EEE687B2A8EB237006A3815 /* Assets.xcassets in Resources */ = {isa = PBXBuildFile; fileRef = 1EEE687A2A8EB237006A3815 /* Assets.xcassets */; };
		1EEE687E2A8EB237006A3815 /* Preview Assets.xcassets in Resources */ = {isa = PBXBuildFile; fileRef = 1EEE687D2A8EB237006A3815 /* Preview Assets.xcassets */; };
		1EEE68852A8EB4EB006A3815 /* CharacterDetailView.swift in Sources */ = {isa = PBXBuildFile; fileRef = 1EEE68842A8EB4EB006A3815 /* CharacterDetailView.swift */; };
		1EEE68872A8EB507006A3815 /* CharacterListCellView.swift in Sources */ = {isa = PBXBuildFile; fileRef = 1EEE68862A8EB507006A3815 /* CharacterListCellView.swift */; };
/* End PBXBuildFile section */

/* Begin PBXFileReference section */
		1E0D51152A941921001880B9 /* Character.swift */ = {isa = PBXFileReference; lastKnownFileType = sourcecode.swift; path = Character.swift; sourceTree = "<group>"; };
		1E0D51172A941B17001880B9 /* RickAndMortyService.swift */ = {isa = PBXFileReference; lastKnownFileType = sourcecode.swift; path = RickAndMortyService.swift; sourceTree = "<group>"; };
		1E0D511C2A9424A4001880B9 /* CharacterViewModel.swift */ = {isa = PBXFileReference; lastKnownFileType = sourcecode.swift; path = CharacterViewModel.swift; sourceTree = "<group>"; };
		1E0D512E2A96837F001880B9 /* Color+CustomColor.swift */ = {isa = PBXFileReference; lastKnownFileType = sourcecode.swift; path = "Color+CustomColor.swift"; sourceTree = "<group>"; };
		1EEE68732A8EB236006A3815 /* RickAndMorty.app */ = {isa = PBXFileReference; explicitFileType = wrapper.application; includeInIndex = 0; path = RickAndMorty.app; sourceTree = BUILT_PRODUCTS_DIR; };
		1EEE68762A8EB236006A3815 /* RickAndMortyApp.swift */ = {isa = PBXFileReference; lastKnownFileType = sourcecode.swift; path = RickAndMortyApp.swift; sourceTree = "<group>"; };
		1EEE68782A8EB236006A3815 /* CharacterListView.swift */ = {isa = PBXFileReference; lastKnownFileType = sourcecode.swift; path = CharacterListView.swift; sourceTree = "<group>"; };
		1EEE687A2A8EB237006A3815 /* Assets.xcassets */ = {isa = PBXFileReference; lastKnownFileType = folder.assetcatalog; path = Assets.xcassets; sourceTree = "<group>"; };
		1EEE687D2A8EB237006A3815 /* Preview Assets.xcassets */ = {isa = PBXFileReference; lastKnownFileType = folder.assetcatalog; path = "Preview Assets.xcassets"; sourceTree = "<group>"; };
		1EEE68842A8EB4EB006A3815 /* CharacterDetailView.swift */ = {isa = PBXFileReference; lastKnownFileType = sourcecode.swift; path = CharacterDetailView.swift; sourceTree = "<group>"; };
		1EEE68862A8EB507006A3815 /* CharacterListCellView.swift */ = {isa = PBXFileReference; lastKnownFileType = sourcecode.swift; path = CharacterListCellView.swift; sourceTree = "<group>"; };
/* End PBXFileReference section */

/* Begin PBXFrameworksBuildPhase section */
		1EEE68702A8EB236006A3815 /* Frameworks */ = {
			isa = PBXFrameworksBuildPhase;
			buildActionMask = 2147483647;
			files = (
				1E0D51202A942821001880B9 /* Kingfisher in Frameworks */,
				1E0D512C2A96664E001880B9 /* Alamofire in Frameworks */,
			);
			runOnlyForDeploymentPostprocessing = 0;
		};
/* End PBXFrameworksBuildPhase section */

/* Begin PBXGroup section */
		1E0D510C2A941850001880B9 /* Features */ = {
			isa = PBXGroup;
			children = (
				1E0D51122A9418E0001880B9 /* Models */,
				1E0D51142A9418EB001880B9 /* ViewModels */,
				1E0D51132A9418E7001880B9 /* Views */,
			);
			path = Features;
			sourceTree = "<group>";
		};
		1E0D510D2A94185B001880B9 /* Resources */ = {
			isa = PBXGroup;
			children = (
				1EEE687A2A8EB237006A3815 /* Assets.xcassets */,
			);
			path = Resources;
			sourceTree = "<group>";
		};
		1E0D510E2A941861001880B9 /* Service */ = {
			isa = PBXGroup;
			children = (
				1E0D51172A941B17001880B9 /* RickAndMortyService.swift */,
			);
			path = Service;
			sourceTree = "<group>";
		};
		1E0D51102A9418CA001880B9 /* Onboarding */ = {
			isa = PBXGroup;
			children = (
			);
			path = Onboarding;
			sourceTree = "<group>";
		};
		1E0D51122A9418E0001880B9 /* Models */ = {
			isa = PBXGroup;
			children = (
				1E0D51152A941921001880B9 /* Character.swift */,
			);
			path = Models;
			sourceTree = "<group>";
		};
		1E0D51132A9418E7001880B9 /* Views */ = {
			isa = PBXGroup;
			children = (
				1EEE68782A8EB236006A3815 /* CharacterListView.swift */,
				1EEE68862A8EB507006A3815 /* CharacterListCellView.swift */,
				1EEE68842A8EB4EB006A3815 /* CharacterDetailView.swift */,
			);
			path = Views;
			sourceTree = "<group>";
		};
		1E0D51142A9418EB001880B9 /* ViewModels */ = {
			isa = PBXGroup;
			children = (
				1E0D511C2A9424A4001880B9 /* CharacterViewModel.swift */,
			);
			path = ViewModels;
			sourceTree = "<group>";
		};
		1E0D51192A942447001880B9 /* App */ = {
			isa = PBXGroup;
			children = (
				1EEE68762A8EB236006A3815 /* RickAndMortyApp.swift */,
			);
			path = App;
			sourceTree = "<group>";
		};
		1E0D51272A966516001880B9 /* Common */ = {
			isa = PBXGroup;
			children = (
				1E0D512D2A968370001880B9 /* Extension */,
			);
			path = Common;
			sourceTree = "<group>";
		};
		1E0D512D2A968370001880B9 /* Extension */ = {
			isa = PBXGroup;
			children = (
				1E0D512E2A96837F001880B9 /* Color+CustomColor.swift */,
			);
			path = Extension;
			sourceTree = "<group>";
		};
		1EEE686A2A8EB236006A3815 = {
			isa = PBXGroup;
			children = (
				1EEE68752A8EB236006A3815 /* RickAndMorty */,
				1EEE68742A8EB236006A3815 /* Products */,
			);
			sourceTree = "<group>";
		};
		1EEE68742A8EB236006A3815 /* Products */ = {
			isa = PBXGroup;
			children = (
				1EEE68732A8EB236006A3815 /* RickAndMorty.app */,
			);
			name = Products;
			sourceTree = "<group>";
		};
		1EEE68752A8EB236006A3815 /* RickAndMorty */ = {
			isa = PBXGroup;
			children = (
				1E0D51272A966516001880B9 /* Common */,
				1E0D51192A942447001880B9 /* App */,
				1E0D510C2A941850001880B9 /* Features */,
				1E0D510E2A941861001880B9 /* Service */,
				1E0D510D2A94185B001880B9 /* Resources */,
				1E0D51102A9418CA001880B9 /* Onboarding */,
				1EEE687C2A8EB237006A3815 /* Preview Content */,
			);
			path = RickAndMorty;
			sourceTree = "<group>";
		};
		1EEE687C2A8EB237006A3815 /* Preview Content */ = {
			isa = PBXGroup;
			children = (
				1EEE687D2A8EB237006A3815 /* Preview Assets.xcassets */,
			);
			path = "Preview Content";
			sourceTree = "<group>";
		};
/* End PBXGroup section */

/* Begin PBXNativeTarget section */
		1EEE68722A8EB236006A3815 /* RickAndMorty */ = {
			isa = PBXNativeTarget;
			buildConfigurationList = 1EEE68812A8EB237006A3815 /* Build configuration list for PBXNativeTarget "RickAndMorty" */;
			buildPhases = (
				1EEE686F2A8EB236006A3815 /* Sources */,
				1EEE68702A8EB236006A3815 /* Frameworks */,
				1EEE68712A8EB236006A3815 /* Resources */,
			);
			buildRules = (
			);
			dependencies = (
			);
			name = RickAndMorty;
			packageProductDependencies = (
				1E0D511F2A942821001880B9 /* Kingfisher */,
				1E0D512B2A96664E001880B9 /* Alamofire */,
			);
			productName = RickAndMorty;
			productReference = 1EEE68732A8EB236006A3815 /* RickAndMorty.app */;
			productType = "com.apple.product-type.application";
		};
/* End PBXNativeTarget section */

/* Begin PBXProject section */
		1EEE686B2A8EB236006A3815 /* Project object */ = {
			isa = PBXProject;
			attributes = {
				BuildIndependentTargetsInParallel = 1;
				LastSwiftUpdateCheck = 1430;
				LastUpgradeCheck = 1430;
				TargetAttributes = {
					1EEE68722A8EB236006A3815 = {
						CreatedOnToolsVersion = 14.3.1;
					};
				};
			};
			buildConfigurationList = 1EEE686E2A8EB236006A3815 /* Build configuration list for PBXProject "RickAndMorty" */;
			compatibilityVersion = "Xcode 14.0";
			developmentRegion = en;
			hasScannedForEncodings = 0;
			knownRegions = (
				en,
				Base,
			);
			mainGroup = 1EEE686A2A8EB236006A3815;
			packageReferences = (
				1E0D511E2A942821001880B9 /* XCRemoteSwiftPackageReference "Kingfisher" */,
				1E0D512A2A96664E001880B9 /* XCRemoteSwiftPackageReference "Alamofire" */,
			);
			productRefGroup = 1EEE68742A8EB236006A3815 /* Products */;
			projectDirPath = "";
			projectRoot = "";
			targets = (
				1EEE68722A8EB236006A3815 /* RickAndMorty */,
			);
		};
/* End PBXProject section */

/* Begin PBXResourcesBuildPhase section */
		1EEE68712A8EB236006A3815 /* Resources */ = {
			isa = PBXResourcesBuildPhase;
			buildActionMask = 2147483647;
			files = (
				1EEE687E2A8EB237006A3815 /* Preview Assets.xcassets in Resources */,
				1EEE687B2A8EB237006A3815 /* Assets.xcassets in Resources */,
			);
			runOnlyForDeploymentPostprocessing = 0;
		};
/* End PBXResourcesBuildPhase section */

/* Begin PBXSourcesBuildPhase section */
		1EEE686F2A8EB236006A3815 /* Sources */ = {
			isa = PBXSourcesBuildPhase;
			buildActionMask = 2147483647;
			files = (
				1EEE68852A8EB4EB006A3815 /* CharacterDetailView.swift in Sources */,
				1E0D51162A941921001880B9 /* Character.swift in Sources */,
				1EEE68792A8EB236006A3815 /* CharacterListView.swift in Sources */,
				1E0D511D2A9424A4001880B9 /* CharacterViewModel.swift in Sources */,
				1E0D51182A941B17001880B9 /* RickAndMortyService.swift in Sources */,
				1EEE68772A8EB236006A3815 /* RickAndMortyApp.swift in Sources */,
				1E0D512F2A96837F001880B9 /* Color+CustomColor.swift in Sources */,
				1EEE68872A8EB507006A3815 /* CharacterListCellView.swift in Sources */,
			);
			runOnlyForDeploymentPostprocessing = 0;
		};
/* End PBXSourcesBuildPhase section */

/* Begin XCBuildConfiguration section */
		1EEE687F2A8EB237006A3815 /* Debug */ = {
			isa = XCBuildConfiguration;
			buildSettings = {
				ALWAYS_SEARCH_USER_PATHS = NO;
				CLANG_ANALYZER_NONNULL = YES;
				CLANG_ANALYZER_NUMBER_OBJECT_CONVERSION = YES_AGGRESSIVE;
				CLANG_CXX_LANGUAGE_STANDARD = "gnu++20";
				CLANG_ENABLE_MODULES = YES;
				CLANG_ENABLE_OBJC_ARC = YES;
				CLANG_ENABLE_OBJC_WEAK = YES;
				CLANG_WARN_BLOCK_CAPTURE_AUTORELEASING = YES;
				CLANG_WARN_BOOL_CONVERSION = YES;
				CLANG_WARN_COMMA = YES;
				CLANG_WARN_CONSTANT_CONVERSION = YES;
				CLANG_WARN_DEPRECATED_OBJC_IMPLEMENTATIONS = YES;
				CLANG_WARN_DIRECT_OBJC_ISA_USAGE = YES_ERROR;
				CLANG_WARN_DOCUMENTATION_COMMENTS = YES;
				CLANG_WARN_EMPTY_BODY = YES;
				CLANG_WARN_ENUM_CONVERSION = YES;
				CLANG_WARN_INFINITE_RECURSION = YES;
				CLANG_WARN_INT_CONVERSION = YES;
				CLANG_WARN_NON_LITERAL_NULL_CONVERSION = YES;
				CLANG_WARN_OBJC_IMPLICIT_RETAIN_SELF = YES;
				CLANG_WARN_OBJC_LITERAL_CONVERSION = YES;
				CLANG_WARN_OBJC_ROOT_CLASS = YES_ERROR;
				CLANG_WARN_QUOTED_INCLUDE_IN_FRAMEWORK_HEADER = YES;
				CLANG_WARN_RANGE_LOOP_ANALYSIS = YES;
				CLANG_WARN_STRICT_PROTOTYPES = YES;
				CLANG_WARN_SUSPICIOUS_MOVE = YES;
				CLANG_WARN_UNGUARDED_AVAILABILITY = YES_AGGRESSIVE;
				CLANG_WARN_UNREACHABLE_CODE = YES;
				CLANG_WARN__DUPLICATE_METHOD_MATCH = YES;
				COPY_PHASE_STRIP = NO;
				DEBUG_INFORMATION_FORMAT = dwarf;
				ENABLE_STRICT_OBJC_MSGSEND = YES;
				ENABLE_TESTABILITY = YES;
				GCC_C_LANGUAGE_STANDARD = gnu11;
				GCC_DYNAMIC_NO_PIC = NO;
				GCC_NO_COMMON_BLOCKS = YES;
				GCC_OPTIMIZATION_LEVEL = 0;
				GCC_PREPROCESSOR_DEFINITIONS = (
					"DEBUG=1",
					"$(inherited)",
				);
				GCC_WARN_64_TO_32_BIT_CONVERSION = YES;
				GCC_WARN_ABOUT_RETURN_TYPE = YES_ERROR;
				GCC_WARN_UNDECLARED_SELECTOR = YES;
				GCC_WARN_UNINITIALIZED_AUTOS = YES_AGGRESSIVE;
				GCC_WARN_UNUSED_FUNCTION = YES;
				GCC_WARN_UNUSED_VARIABLE = YES;
				IPHONEOS_DEPLOYMENT_TARGET = 16.4;
				MTL_ENABLE_DEBUG_INFO = INCLUDE_SOURCE;
				MTL_FAST_MATH = YES;
				ONLY_ACTIVE_ARCH = YES;
				SDKROOT = iphoneos;
				SWIFT_ACTIVE_COMPILATION_CONDITIONS = DEBUG;
				SWIFT_OPTIMIZATION_LEVEL = "-Onone";
			};
			name = Debug;
		};
		1EEE68802A8EB237006A3815 /* Release */ = {
			isa = XCBuildConfiguration;
			buildSettings = {
				ALWAYS_SEARCH_USER_PATHS = NO;
				CLANG_ANALYZER_NONNULL = YES;
				CLANG_ANALYZER_NUMBER_OBJECT_CONVERSION = YES_AGGRESSIVE;
				CLANG_CXX_LANGUAGE_STANDARD = "gnu++20";
				CLANG_ENABLE_MODULES = YES;
				CLANG_ENABLE_OBJC_ARC = YES;
				CLANG_ENABLE_OBJC_WEAK = YES;
				CLANG_WARN_BLOCK_CAPTURE_AUTORELEASING = YES;
				CLANG_WARN_BOOL_CONVERSION = YES;
				CLANG_WARN_COMMA = YES;
				CLANG_WARN_CONSTANT_CONVERSION = YES;
				CLANG_WARN_DEPRECATED_OBJC_IMPLEMENTATIONS = YES;
				CLANG_WARN_DIRECT_OBJC_ISA_USAGE = YES_ERROR;
				CLANG_WARN_DOCUMENTATION_COMMENTS = YES;
				CLANG_WARN_EMPTY_BODY = YES;
				CLANG_WARN_ENUM_CONVERSION = YES;
				CLANG_WARN_INFINITE_RECURSION = YES;
				CLANG_WARN_INT_CONVERSION = YES;
				CLANG_WARN_NON_LITERAL_NULL_CONVERSION = YES;
				CLANG_WARN_OBJC_IMPLICIT_RETAIN_SELF = YES;
				CLANG_WARN_OBJC_LITERAL_CONVERSION = YES;
				CLANG_WARN_OBJC_ROOT_CLASS = YES_ERROR;
				CLANG_WARN_QUOTED_INCLUDE_IN_FRAMEWORK_HEADER = YES;
				CLANG_WARN_RANGE_LOOP_ANALYSIS = YES;
				CLANG_WARN_STRICT_PROTOTYPES = YES;
				CLANG_WARN_SUSPICIOUS_MOVE = YES;
				CLANG_WARN_UNGUARDED_AVAILABILITY = YES_AGGRESSIVE;
				CLANG_WARN_UNREACHABLE_CODE = YES;
				CLANG_WARN__DUPLICATE_METHOD_MATCH = YES;
				COPY_PHASE_STRIP = NO;
				DEBUG_INFORMATION_FORMAT = "dwarf-with-dsym";
				ENABLE_NS_ASSERTIONS = NO;
				ENABLE_STRICT_OBJC_MSGSEND = YES;
				GCC_C_LANGUAGE_STANDARD = gnu11;
				GCC_NO_COMMON_BLOCKS = YES;
				GCC_WARN_64_TO_32_BIT_CONVERSION = YES;
				GCC_WARN_ABOUT_RETURN_TYPE = YES_ERROR;
				GCC_WARN_UNDECLARED_SELECTOR = YES;
				GCC_WARN_UNINITIALIZED_AUTOS = YES_AGGRESSIVE;
				GCC_WARN_UNUSED_FUNCTION = YES;
				GCC_WARN_UNUSED_VARIABLE = YES;
				IPHONEOS_DEPLOYMENT_TARGET = 16.4;
				MTL_ENABLE_DEBUG_INFO = NO;
				MTL_FAST_MATH = YES;
				SDKROOT = iphoneos;
				SWIFT_COMPILATION_MODE = wholemodule;
				SWIFT_OPTIMIZATION_LEVEL = "-O";
				VALIDATE_PRODUCT = YES;
			};
			name = Release;
		};
		1EEE68822A8EB237006A3815 /* Debug */ = {
			isa = XCBuildConfiguration;
			buildSettings = {
				ASSETCATALOG_COMPILER_APPICON_NAME = AppIcon;
				ASSETCATALOG_COMPILER_GLOBAL_ACCENT_COLOR_NAME = AccentColor;
				CODE_SIGN_STYLE = Automatic;
				CURRENT_PROJECT_VERSION = 1;
				DEVELOPMENT_ASSET_PATHS = "\"RickAndMorty/Preview Content\"";
				DEVELOPMENT_TEAM = KSGZPL6D9M;
				ENABLE_PREVIEWS = YES;
				GENERATE_INFOPLIST_FILE = YES;
				INFOPLIST_KEY_UIApplicationSceneManifest_Generation = YES;
				INFOPLIST_KEY_UIApplicationSupportsIndirectInputEvents = YES;
				INFOPLIST_KEY_UILaunchScreen_Generation = YES;
				INFOPLIST_KEY_UISupportedInterfaceOrientations_iPad = "UIInterfaceOrientationPortrait UIInterfaceOrientationPortraitUpsideDown UIInterfaceOrientationLandscapeLeft UIInterfaceOrientationLandscapeRight";
				INFOPLIST_KEY_UISupportedInterfaceOrientations_iPhone = "UIInterfaceOrientationPortrait UIInterfaceOrientationLandscapeLeft UIInterfaceOrientationLandscapeRight";
				LD_RUNPATH_SEARCH_PATHS = (
					"$(inherited)",
					"@executable_path/Frameworks",
				);
				MARKETING_VERSION = 1.0;
				PRODUCT_BUNDLE_IDENTIFIER = com.ozbagdatli.RickAndMorty;
				PRODUCT_NAME = "$(TARGET_NAME)";
				SWIFT_EMIT_LOC_STRINGS = YES;
				SWIFT_VERSION = 5.0;
				TARGETED_DEVICE_FAMILY = "1,2";
			};
			name = Debug;
		};
		1EEE68832A8EB237006A3815 /* Release */ = {
			isa = XCBuildConfiguration;
			buildSettings = {
				ASSETCATALOG_COMPILER_APPICON_NAME = AppIcon;
				ASSETCATALOG_COMPILER_GLOBAL_ACCENT_COLOR_NAME = AccentColor;
				CODE_SIGN_STYLE = Automatic;
				CURRENT_PROJECT_VERSION = 1;
				DEVELOPMENT_ASSET_PATHS = "\"RickAndMorty/Preview Content\"";
				DEVELOPMENT_TEAM = KSGZPL6D9M;
				ENABLE_PREVIEWS = YES;
				GENERATE_INFOPLIST_FILE = YES;
				INFOPLIST_KEY_UIApplicationSceneManifest_Generation = YES;
				INFOPLIST_KEY_UIApplicationSupportsIndirectInputEvents = YES;
				INFOPLIST_KEY_UILaunchScreen_Generation = YES;
				INFOPLIST_KEY_UISupportedInterfaceOrientations_iPad = "UIInterfaceOrientationPortrait UIInterfaceOrientationPortraitUpsideDown UIInterfaceOrientationLandscapeLeft UIInterfaceOrientationLandscapeRight";
				INFOPLIST_KEY_UISupportedInterfaceOrientations_iPhone = "UIInterfaceOrientationPortrait UIInterfaceOrientationLandscapeLeft UIInterfaceOrientationLandscapeRight";
				LD_RUNPATH_SEARCH_PATHS = (
					"$(inherited)",
					"@executable_path/Frameworks",
				);
				MARKETING_VERSION = 1.0;
				PRODUCT_BUNDLE_IDENTIFIER = com.ozbagdatli.RickAndMorty;
				PRODUCT_NAME = "$(TARGET_NAME)";
				SWIFT_EMIT_LOC_STRINGS = YES;
				SWIFT_VERSION = 5.0;
				TARGETED_DEVICE_FAMILY = "1,2";
			};
			name = Release;
		};
/* End XCBuildConfiguration section */

/* Begin XCConfigurationList section */
		1EEE686E2A8EB236006A3815 /* Build configuration list for PBXProject "RickAndMorty" */ = {
			isa = XCConfigurationList;
			buildConfigurations = (
				1EEE687F2A8EB237006A3815 /* Debug */,
				1EEE68802A8EB237006A3815 /* Release */,
			);
			defaultConfigurationIsVisible = 0;
			defaultConfigurationName = Release;
		};
		1EEE68812A8EB237006A3815 /* Build configuration list for PBXNativeTarget "RickAndMorty" */ = {
			isa = XCConfigurationList;
			buildConfigurations = (
				1EEE68822A8EB237006A3815 /* Debug */,
				1EEE68832A8EB237006A3815 /* Release */,
			);
			defaultConfigurationIsVisible = 0;
			defaultConfigurationName = Release;
		};
/* End XCConfigurationList section */

/* Begin XCRemoteSwiftPackageReference section */
		1E0D511E2A942821001880B9 /* XCRemoteSwiftPackageReference "Kingfisher" */ = {
			isa = XCRemoteSwiftPackageReference;
			repositoryURL = "https://github.com/onevcat/Kingfisher.git";
			requirement = {
				kind = upToNextMajorVersion;
				minimumVersion = 7.0.0;
			};
		};
		1E0D512A2A96664E001880B9 /* XCRemoteSwiftPackageReference "Alamofire" */ = {
			isa = XCRemoteSwiftPackageReference;
			repositoryURL = "https://github.com/Alamofire/Alamofire.git";
			requirement = {
				kind = upToNextMajorVersion;
				minimumVersion = 5.0.0;
			};
		};
/* End XCRemoteSwiftPackageReference section */

/* Begin XCSwiftPackageProductDependency section */
		1E0D511F2A942821001880B9 /* Kingfisher */ = {
			isa = XCSwiftPackageProductDependency;
			package = 1E0D511E2A942821001880B9 /* XCRemoteSwiftPackageReference "Kingfisher" */;
			productName = Kingfisher;
		};
		1E0D512B2A96664E001880B9 /* Alamofire */ = {
			isa = XCSwiftPackageProductDependency;
			package = 1E0D512A2A96664E001880B9 /* XCRemoteSwiftPackageReference "Alamofire" */;
			productName = Alamofire;
		};
/* End XCSwiftPackageProductDependency section */
	};
	rootObject = 1EEE686B2A8EB236006A3815 /* Project object */;
}
